
Microsoft Visual Studio Solution File, Format Version 12.00
# Visual Studio 15
VisualStudioVersion = 15.0.28307.421
MinimumVisualStudioVersion = 10.0.40219.1
Project("{D2ABAB84-BF74-430A-B69E-9DC6D40DDA17}") = "MultidimensionalProject1", "MultidimensionalProject1\MultidimensionalProject1.dwproj", "{317BAE9E-5DC1-4C12-B07D-F6264F3ABE95}"
EndProject
Global
	GlobalSection(SolutionConfigurationPlatforms) = preSolution
		Development|Default = Development|Default
	EndGlobalSection
	GlobalSection(ProjectConfigurationPlatforms) = postSolution
		{317BAE9E-5DC1-4C12-B07D-F6264F3ABE95}.Development|Default.ActiveCfg = Development
		{317BAE9E-5DC1-4C12-B07D-F6264F3ABE95}.Development|Default.Build.0 = Development
		{317BAE9E-5DC1-4C12-B07D-F6264F3ABE95}.Development|Default.Deploy.0 = Development
	EndGlobalSection
	GlobalSection(SolutionProperties) = preSolution
		HideSolutionNode = FALSE
	EndGlobalSection
	GlobalSection(ExtensibilityGlobals) = postSolution
		SolutionGuid = {E11FB60A-3FEB-46D9-847A-88B464029372}
	EndGlobalSection
EndGlobal
